
Microsoft Visual Studio Solution File, Format Version 12.00
# Visual Studio Version 17
VisualStudioVersion = 17.10.35013.160
MinimumVisualStudioVersion = 10.0.40219.1
Project("{9A19103F-16F7-4668-BE54-9A1E7A4F7556}") = "LeaFLib.BrowserExt", "LeaFLib.BrowserExt.csproj", "{7E764414-E4DD-43F6-82DC-A4FEF9C1E550}"
EndProject
Global
	GlobalSection(SolutionConfigurationPlatforms) = preSolution
		Debug|Any CPU = Debug|Any CPU
		Release|Any CPU = Release|Any CPU
	EndGlobalSection
	GlobalSection(ProjectConfigurationPlatforms) = postSolution
		{7E764414-E4DD-43F6-82DC-A4FEF9C1E550}.Debug|Any CPU.ActiveCfg = Debug|Any CPU
		{7E764414-E4DD-43F6-82DC-A4FEF9C1E550}.Debug|Any CPU.Build.0 = Debug|Any CPU
		{7E764414-E4DD-43F6-82DC-A4FEF9C1E550}.Release|Any CPU.ActiveCfg = Release|Any CPU
		{7E764414-E4DD-43F6-82DC-A4FEF9C1E550}.Release|Any CPU.Build.0 = Release|Any CPU
	EndGlobalSection
	GlobalSection(SolutionProperties) = preSolution
		HideSolutionNode = FALSE
	EndGlobalSection
	GlobalSection(ExtensibilityGlobals) = postSolution
		SolutionGuid = {44367065-1B84-4BD4-AC8E-201DAC45E65D}
	EndGlobalSection
EndGlobal
